
Microsoft Visual Studio Solution File, Format Version 12.00
# Visual Studio Version 17
VisualStudioVersion = 17.10.35027.167
MinimumVisualStudioVersion = 10.0.40219.1
Project("{FAE04EC0-301F-11D3-BF4B-00C04F79EFBC}") = "WinFormLoadingAnimation", "WinFormLoadingAnimation.csproj", "{20859C47-EF99-4347-8CE6-A4E69B0AB453}"
EndProject
Global
	GlobalSection(SolutionConfigurationPlatforms) = preSolution
		Debug|Any CPU = Debug|Any CPU
		Release|Any CPU = Release|Any CPU
	EndGlobalSection
	GlobalSection(ProjectConfigurationPlatforms) = postSolution
		{20859C47-EF99-4347-8CE6-A4E69B0AB453}.Debug|Any CPU.ActiveCfg = Debug|Any CPU
		{20859C47-EF99-4347-8CE6-A4E69B0AB453}.Debug|Any CPU.Build.0 = Debug|Any CPU
		{20859C47-EF99-4347-8CE6-A4E69B0AB453}.Release|Any CPU.ActiveCfg = Release|Any CPU
		{20859C47-EF99-4347-8CE6-A4E69B0AB453}.Release|Any CPU.Build.0 = Release|Any CPU
	EndGlobalSection
	GlobalSection(SolutionProperties) = preSolution
		HideSolutionNode = FALSE
	EndGlobalSection
	GlobalSection(ExtensibilityGlobals) = postSolution
		SolutionGuid = {3C407D2E-8800-48DB-A6AF-054835841081}
	EndGlobalSection
EndGlobal
